
Microsoft Visual Studio Solution File, Format Version 12.00
# Visual Studio Version 17
VisualStudioVersion = 17.8.34408.163
MinimumVisualStudioVersion = 10.0.40219.1
Project("{FAE04EC0-301F-11D3-BF4B-00C04F79EFBC}") = "Projet_gestion_des_noms", "Projet_gestion_des_noms\Projet_gestion_des_noms.csproj", "{3703CCF1-8FB7-4EAE-949F-E20CC4D23F39}"
EndProject
Global
	GlobalSection(SolutionConfigurationPlatforms) = preSolution
		Debug|Any CPU = Debug|Any CPU
		Release|Any CPU = Release|Any CPU
	EndGlobalSection
	GlobalSection(ProjectConfigurationPlatforms) = postSolution
		{3703CCF1-8FB7-4EAE-949F-E20CC4D23F39}.Debug|Any CPU.ActiveCfg = Debug|Any CPU
		{3703CCF1-8FB7-4EAE-949F-E20CC4D23F39}.Debug|Any CPU.Build.0 = Debug|Any CPU
		{3703CCF1-8FB7-4EAE-949F-E20CC4D23F39}.Release|Any CPU.ActiveCfg = Release|Any CPU
		{3703CCF1-8FB7-4EAE-949F-E20CC4D23F39}.Release|Any CPU.Build.0 = Release|Any CPU
	EndGlobalSection
	GlobalSection(SolutionProperties) = preSolution
		HideSolutionNode = FALSE
	EndGlobalSection
	GlobalSection(ExtensibilityGlobals) = postSolution
		SolutionGuid = {1835AD1A-92BE-4415-A741-084ADBD849F0}
	EndGlobalSection
EndGlobal
